schema: '2.0'
stages:
  prepare:
    cmd: python build_dataset.py
    deps:
    - path: build_dataset.py
      hash: md5
      md5: 2603f90a882b639d5494edaf0a4546df
      size: 4539
    outs:
    - path: dataset/final_dataset.csv
      hash: md5
      md5: 237e01729cf8e0daa4bb0a4b13d85723
      size: 8195039
  train:
    cmd: python train.py
    deps:
    - path: dataset/final_dataset.csv
      hash: md5
      md5: 88323cc6009f6cab783ff580d61a9b90
      size: 7564337
    - path: train.py
      hash: md5
      md5: 791a3a9b7227b94183065908d6be213b
      size: 6824
    outs:
    - path: scaler.pkl
      hash: md5
      md5: 0c5d3ef7b5ed996209a84a52b491f4ce
      size: 666
